// !$*UTF8*$!
{
	archiveVersion = 1;
	classes = {
	};
	objectVersion = 55;
	objects = {

/* Begin PBXBuildFile section */
		2B53D38F671EBC6F824A9F95 /* Pods_ProCal.framework in Frameworks */ = {isa = PBXBuildFile; fileRef = 09C262FF3C9D9C8E1D8A6860 /* Pods_ProCal.framework */; };
		9F324A852AAB5E7D009BBF65 /* MoreSugarThin.otf in Resources */ = {isa = PBXBuildFile; fileRef = 9F324A822AAB5E7D009BBF65 /* MoreSugarThin.otf */; };
		9F324A862AAB5E7D009BBF65 /* MoreSugar.otf in Resources */ = {isa = PBXBuildFile; fileRef = 9F324A832AAB5E7D009BBF65 /* MoreSugar.otf */; };
		9F324A872AAB5E7D009BBF65 /* MoreSugarExtras.otf in Resources */ = {isa = PBXBuildFile; fileRef = 9F324A842AAB5E7D009BBF65 /* MoreSugarExtras.otf */; };
		9F424F9228A2DFB2008F2A0D /* ProCalApp.swift in Sources */ = {isa = PBXBuildFile; fileRef = 9F424F9128A2DFB2008F2A0D /* ProCalApp.swift */; };
		9F424F9428A2DFB2008F2A0D /* ContentView.swift in Sources */ = {isa = PBXBuildFile; fileRef = 9F424F9328A2DFB2008F2A0D /* ContentView.swift */; };
		9F424F9628A2DFB4008F2A0D /* Assets.xcassets in Resources */ = {isa = PBXBuildFile; fileRef = 9F424F9528A2DFB4008F2A0D /* Assets.xcassets */; };
		9F424F9928A2DFB4008F2A0D /* Preview Assets.xcassets in Resources */ = {isa = PBXBuildFile; fileRef = 9F424F9828A2DFB4008F2A0D /* Preview Assets.xcassets */; };
		9FEDB43628B5B80C00A8CF15 /* GoogleService-Info.plist in Resources */ = {isa = PBXBuildFile; fileRef = 9FEDB43528B5B80C00A8CF15 /* GoogleService-Info.plist */; };
		D0E8E6672BD5BEF200156236 /* Badges.swift in Sources */ = {isa = PBXBuildFile; fileRef = D0E8E6662BD5BEF200156236 /* Badges.swift */; };
		D0E8E6692BD5BFBC00156236 /* BadgesView.swift in Sources */ = {isa = PBXBuildFile; fileRef = D0E8E6682BD5BFBC00156236 /* BadgesView.swift */; };
		D0E8E66B2BD5C51700156236 /* tracker.swift in Sources */ = {isa = PBXBuildFile; fileRef = D0E8E66A2BD5C51700156236 /* tracker.swift */; };
		D0E8E66E2BD5C57A00156236 /* Auth in Frameworks */ = {isa = PBXBuildFile; productRef = D0E8E66D2BD5C57A00156236 /* Auth */; };
		D0E8E6702BD5C57A00156236 /* Functions in Frameworks */ = {isa = PBXBuildFile; productRef = D0E8E66F2BD5C57A00156236 /* Functions */; };
		D0E8E6722BD5C57A00156236 /* PostgREST in Frameworks */ = {isa = PBXBuildFile; productRef = D0E8E6712BD5C57A00156236 /* PostgREST */; };
		D0E8E6742BD5C57A00156236 /* Realtime in Frameworks */ = {isa = PBXBuildFile; productRef = D0E8E6732BD5C57A00156236 /* Realtime */; };
		D0E8E6762BD5C57A00156236 /* Storage in Frameworks */ = {isa = PBXBuildFile; productRef = D0E8E6752BD5C57A00156236 /* Storage */; };
		D0E8E6782BD5C5AB00156236 /* Supabase in Frameworks */ = {isa = PBXBuildFile; productRef = D0E8E6772BD5C5AB00156236 /* Supabase */; };
		D0E8E67A2BD5C60300156236 /* trackerView.swift in Sources */ = {isa = PBXBuildFile; fileRef = D0E8E6792BD5C60300156236 /* trackerView.swift */; };
/* End PBXBuildFile section */

/* Begin PBXFileReference section */
		09C262FF3C9D9C8E1D8A6860 /* Pods_ProCal.framework */ = {isa = PBXFileReference; explicitFileType = wrapper.framework; includeInIndex = 0; path = Pods_ProCal.framework; sourceTree = BUILT_PRODUCTS_DIR; };
		67387A0DEA64AD19433A18A5 /* Pods-ProCal.debug.xcconfig */ = {isa = PBXFileReference; includeInIndex = 1; lastKnownFileType = text.xcconfig; name = "Pods-ProCal.debug.xcconfig"; path = "Target Support Files/Pods-ProCal/Pods-ProCal.debug.xcconfig"; sourceTree = "<group>"; };
		9F324A822AAB5E7D009BBF65 /* MoreSugarThin.otf */ = {isa = PBXFileReference; lastKnownFileType = file; path = MoreSugarThin.otf; sourceTree = "<group>"; };
		9F324A832AAB5E7D009BBF65 /* MoreSugar.otf */ = {isa = PBXFileReference; lastKnownFileType = file; path = MoreSugar.otf; sourceTree = "<group>"; };
		9F324A842AAB5E7D009BBF65 /* MoreSugarExtras.otf */ = {isa = PBXFileReference; lastKnownFileType = file; path = MoreSugarExtras.otf; sourceTree = "<group>"; };
		9F424F8E28A2DFB2008F2A0D /* ProCal.app */ = {isa = PBXFileReference; explicitFileType = wrapper.application; includeInIndex = 0; path = ProCal.app; sourceTree = BUILT_PRODUCTS_DIR; };
		9F424F9128A2DFB2008F2A0D /* ProCalApp.swift */ = {isa = PBXFileReference; lastKnownFileType = sourcecode.swift; path = ProCalApp.swift; sourceTree = "<group>"; };
		9F424F9328A2DFB2008F2A0D /* ContentView.swift */ = {isa = PBXFileReference; lastKnownFileType = sourcecode.swift; path = ContentView.swift; sourceTree = "<group>"; };
		9F424F9528A2DFB4008F2A0D /* Assets.xcassets */ = {isa = PBXFileReference; lastKnownFileType = folder.assetcatalog; path = Assets.xcassets; sourceTree = "<group>"; };
		9F424F9828A2DFB4008F2A0D /* Preview Assets.xcassets */ = {isa = PBXFileReference; lastKnownFileType = folder.assetcatalog; path = "Preview Assets.xcassets"; sourceTree = "<group>"; };
		9FA75C3D28A2E30000C82B72 /* Info.plist */ = {isa = PBXFileReference; lastKnownFileType = text.plist; path = Info.plist; sourceTree = "<group>"; };
		9FEDB43528B5B80C00A8CF15 /* GoogleService-Info.plist */ = {isa = PBXFileReference; fileEncoding = 4; lastKnownFileType = text.plist.xml; path = "GoogleService-Info.plist"; sourceTree = "<group>"; };
		A10EA4F474FA3DF0142FD85C /* Pods-ProCal.release.xcconfig */ = {isa = PBXFileReference; includeInIndex = 1; lastKnownFileType = text.xcconfig; name = "Pods-ProCal.release.xcconfig"; path = "Target Support Files/Pods-ProCal/Pods-ProCal.release.xcconfig"; sourceTree = "<group>"; };
		D0E8E6662BD5BEF200156236 /* Badges.swift */ = {isa = PBXFileReference; lastKnownFileType = sourcecode.swift; path = Badges.swift; sourceTree = "<group>"; };
		D0E8E6682BD5BFBC00156236 /* BadgesView.swift */ = {isa = PBXFileReference; lastKnownFileType = sourcecode.swift; path = BadgesView.swift; sourceTree = "<group>"; };
		D0E8E66A2BD5C51700156236 /* tracker.swift */ = {isa = PBXFileReference; lastKnownFileType = sourcecode.swift; path = tracker.swift; sourceTree = "<group>"; };
		D0E8E6792BD5C60300156236 /* trackerView.swift */ = {isa = PBXFileReference; lastKnownFileType = sourcecode.swift; path = trackerView.swift; sourceTree = "<group>"; };
/* End PBXFileReference section */

/* Begin PBXFrameworksBuildPhase section */
		9F424F8B28A2DFB2008F2A0D /* Frameworks */ = {
			isa = PBXFrameworksBuildPhase;
			buildActionMask = 2147483647;
			files = (
				D0E8E6782BD5C5AB00156236 /* Supabase in Frameworks */,
				D0E8E6762BD5C57A00156236 /* Storage in Frameworks */,
				D0E8E6722BD5C57A00156236 /* PostgREST in Frameworks */,
				D0E8E6702BD5C57A00156236 /* Functions in Frameworks */,
				D0E8E66E2BD5C57A00156236 /* Auth in Frameworks */,
				D0E8E6742BD5C57A00156236 /* Realtime in Frameworks */,
				2B53D38F671EBC6F824A9F95 /* Pods_ProCal.framework in Frameworks */,
			);
			runOnlyForDeploymentPostprocessing = 0;
		};
/* End PBXFrameworksBuildPhase section */

/* Begin PBXGroup section */
		090637994D406E71AF9FBFB3 /* Frameworks */ = {
			isa = PBXGroup;
			children = (
				09C262FF3C9D9C8E1D8A6860 /* Pods_ProCal.framework */,
			);
			name = Frameworks;
			sourceTree = "<group>";
		};
		9F424F8528A2DFB2008F2A0D = {
			isa = PBXGroup;
			children = (
				9F424F9028A2DFB2008F2A0D /* ProCal */,
				9F424F8F28A2DFB2008F2A0D /* Products */,
				EA0C3DE751F3C026C2F4CA39 /* Pods */,
				090637994D406E71AF9FBFB3 /* Frameworks */,
			);
			sourceTree = "<group>";
		};
		9F424F8F28A2DFB2008F2A0D /* Products */ = {
			isa = PBXGroup;
			children = (
				9F424F8E28A2DFB2008F2A0D /* ProCal.app */,
			);
			name = Products;
			sourceTree = "<group>";
		};
		9F424F9028A2DFB2008F2A0D /* ProCal */ = {
			isa = PBXGroup;
			children = (
				9FEDB43528B5B80C00A8CF15 /* GoogleService-Info.plist */,
				9FA75C3D28A2E30000C82B72 /* Info.plist */,
				9F424F9128A2DFB2008F2A0D /* ProCalApp.swift */,
				9F424F9328A2DFB2008F2A0D /* ContentView.swift */,
				D0E8E6662BD5BEF200156236 /* Badges.swift */,
				D0E8E6682BD5BFBC00156236 /* BadgesView.swift */,
				D0E8E66A2BD5C51700156236 /* tracker.swift */,
				D0E8E6792BD5C60300156236 /* trackerView.swift */,
				9F324A832AAB5E7D009BBF65 /* MoreSugar.otf */,
				9F324A842AAB5E7D009BBF65 /* MoreSugarExtras.otf */,
				9F324A822AAB5E7D009BBF65 /* MoreSugarThin.otf */,
				9F424F9528A2DFB4008F2A0D /* Assets.xcassets */,
				9F424F9728A2DFB4008F2A0D /* Preview Content */,
			);
			path = ProCal;
			sourceTree = "<group>";
		};
		9F424F9728A2DFB4008F2A0D /* Preview Content */ = {
			isa = PBXGroup;
			children = (
				9F424F9828A2DFB4008F2A0D /* Preview Assets.xcassets */,
			);
			path = "Preview Content";
			sourceTree = "<group>";
		};
		EA0C3DE751F3C026C2F4CA39 /* Pods */ = {
			isa = PBXGroup;
			children = (
				67387A0DEA64AD19433A18A5 /* Pods-ProCal.debug.xcconfig */,
				A10EA4F474FA3DF0142FD85C /* Pods-ProCal.release.xcconfig */,
			);
			path = Pods;
			sourceTree = "<group>";
		};
/* End PBXGroup section */

/* Begin PBXNativeTarget section */
		9F424F8D28A2DFB2008F2A0D /* ProCal */ = {
			isa = PBXNativeTarget;
			buildConfigurationList = 9F424F9C28A2DFB4008F2A0D /* Build configuration list for PBXNativeTarget "ProCal" */;
			buildPhases = (
				C23309B12B60DD8E7A83029C /* [CP] Check Pods Manifest.lock */,
				9F424F8A28A2DFB2008F2A0D /* Sources */,
				9F424F8B28A2DFB2008F2A0D /* Frameworks */,
				9F424F8C28A2DFB2008F2A0D /* Resources */,
				ACCD034A3AC86ACD206C20E5 /* [CP] Embed Pods Frameworks */,
			);
			buildRules = (
			);
			dependencies = (
			);
			name = ProCal;
			packageProductDependencies = (
				D0E8E66D2BD5C57A00156236 /* Auth */,
				D0E8E66F2BD5C57A00156236 /* Functions */,
				D0E8E6712BD5C57A00156236 /* PostgREST */,
				D0E8E6732BD5C57A00156236 /* Realtime */,
				D0E8E6752BD5C57A00156236 /* Storage */,
				D0E8E6772BD5C5AB00156236 /* Supabase */,
			);
			productName = ProCal;
			productReference = 9F424F8E28A2DFB2008F2A0D /* ProCal.app */;
			productType = "com.apple.product-type.application";
		};
/* End PBXNativeTarget section */

/* Begin PBXProject section */
		9F424F8628A2DFB2008F2A0D /* Project object */ = {
			isa = PBXProject;
			attributes = {
				BuildIndependentTargetsInParallel = 1;
				LastSwiftUpdateCheck = 1340;
				LastUpgradeCheck = 1340;
				TargetAttributes = {
					9F424F8D28A2DFB2008F2A0D = {
						CreatedOnToolsVersion = 13.4.1;
					};
				};
			};
			buildConfigurationList = 9F424F8928A2DFB2008F2A0D /* Build configuration list for PBXProject "ProCal" */;
			compatibilityVersion = "Xcode 13.0";
			developmentRegion = en;
			hasScannedForEncodings = 0;
			knownRegions = (
				en,
				Base,
			);
			mainGroup = 9F424F8528A2DFB2008F2A0D;
			packageReferences = (
				D0E8E66C2BD5C57A00156236 /* XCRemoteSwiftPackageReference "supabase-swift" */,
			);
			productRefGroup = 9F424F8F28A2DFB2008F2A0D /* Products */;
			projectDirPath = "";
			projectRoot = "";
			targets = (
				9F424F8D28A2DFB2008F2A0D /* ProCal */,
			);
		};
/* End PBXProject section */

/* Begin PBXResourcesBuildPhase section */
		9F424F8C28A2DFB2008F2A0D /* Resources */ = {
			isa = PBXResourcesBuildPhase;
			buildActionMask = 2147483647;
			files = (
				9F324A862AAB5E7D009BBF65 /* MoreSugar.otf in Resources */,
				9F324A852AAB5E7D009BBF65 /* MoreSugarThin.otf in Resources */,
				9F324A872AAB5E7D009BBF65 /* MoreSugarExtras.otf in Resources */,
				9F424F9928A2DFB4008F2A0D /* Preview Assets.xcassets in Resources */,
				9F424F9628A2DFB4008F2A0D /* Assets.xcassets in Resources */,
				9FEDB43628B5B80C00A8CF15 /* GoogleService-Info.plist in Resources */,
			);
			runOnlyForDeploymentPostprocessing = 0;
		};
/* End PBXResourcesBuildPhase section */

/* Begin PBXShellScriptBuildPhase section */
		ACCD034A3AC86ACD206C20E5 /* [CP] Embed Pods Frameworks */ = {
			isa = PBXShellScriptBuildPhase;
			buildActionMask = 2147483647;
			files = (
			);
			inputFileListPaths = (
				"${PODS_ROOT}/Target Support Files/Pods-ProCal/Pods-ProCal-frameworks-${CONFIGURATION}-input-files.xcfilelist",
			);
			name = "[CP] Embed Pods Frameworks";
			outputFileListPaths = (
				"${PODS_ROOT}/Target Support Files/Pods-ProCal/Pods-ProCal-frameworks-${CONFIGURATION}-output-files.xcfilelist",
			);
			runOnlyForDeploymentPostprocessing = 0;
			shellPath = /bin/sh;
			shellScript = "\"${PODS_ROOT}/Target Support Files/Pods-ProCal/Pods-ProCal-frameworks.sh\"\n";
			showEnvVarsInLog = 0;
		};
		C23309B12B60DD8E7A83029C /* [CP] Check Pods Manifest.lock */ = {
			isa = PBXShellScriptBuildPhase;
			buildActionMask = 2147483647;
			files = (
			);
			inputFileListPaths = (
			);
			inputPaths = (
				"${PODS_PODFILE_DIR_PATH}/Podfile.lock",
				"${PODS_ROOT}/Manifest.lock",
			);
			name = "[CP] Check Pods Manifest.lock";
			outputFileListPaths = (
			);
			outputPaths = (
				"$(DERIVED_FILE_DIR)/Pods-ProCal-checkManifestLockResult.txt",
			);
			runOnlyForDeploymentPostprocessing = 0;
			shellPath = /bin/sh;
			shellScript = "diff \"${PODS_PODFILE_DIR_PATH}/Podfile.lock\" \"${PODS_ROOT}/Manifest.lock\" > /dev/null\nif [ $? != 0 ] ; then\n    # print error to STDERR\n    echo \"error: The sandbox is not in sync with the Podfile.lock. Run 'pod install' or update your CocoaPods installation.\" >&2\n    exit 1\nfi\n# This output is used by Xcode 'outputs' to avoid re-running this script phase.\necho \"SUCCESS\" > \"${SCRIPT_OUTPUT_FILE_0}\"\n";
			showEnvVarsInLog = 0;
		};
/* End PBXShellScriptBuildPhase section */

/* Begin PBXSourcesBuildPhase section */
		9F424F8A28A2DFB2008F2A0D /* Sources */ = {
			isa = PBXSourcesBuildPhase;
			buildActionMask = 2147483647;
			files = (
				D0E8E6692BD5BFBC00156236 /* BadgesView.swift in Sources */,
				D0E8E6672BD5BEF200156236 /* Badges.swift in Sources */,
				9F424F9428A2DFB2008F2A0D /* ContentView.swift in Sources */,
				D0E8E67A2BD5C60300156236 /* trackerView.swift in Sources */,
				9F424F9228A2DFB2008F2A0D /* ProCalApp.swift in Sources */,
				D0E8E66B2BD5C51700156236 /* tracker.swift in Sources */,
			);
			runOnlyForDeploymentPostprocessing = 0;
		};
/* End PBXSourcesBuildPhase section */

/* Begin XCBuildConfiguration section */
		9F424F9A28A2DFB4008F2A0D /* Debug */ = {
			isa = XCBuildConfiguration;
			buildSettings = {
				ALWAYS_SEARCH_USER_PATHS = NO;
				CLANG_ANALYZER_NONNULL = YES;
				CLANG_ANALYZER_NUMBER_OBJECT_CONVERSION = YES_AGGRESSIVE;
				CLANG_CXX_LANGUAGE_STANDARD = "gnu++17";
				CLANG_ENABLE_MODULES = YES;
				CLANG_ENABLE_OBJC_ARC = YES;
				CLANG_ENABLE_OBJC_WEAK = YES;
				CLANG_WARN_BLOCK_CAPTURE_AUTORELEASING = YES;
				CLANG_WARN_BOOL_CONVERSION = YES;
				CLANG_WARN_COMMA = YES;
				CLANG_WARN_CONSTANT_CONVERSION = YES;
				CLANG_WARN_DEPRECATED_OBJC_IMPLEMENTATIONS = YES;
				CLANG_WARN_DIRECT_OBJC_ISA_USAGE = YES_ERROR;
				CLANG_WARN_DOCUMENTATION_COMMENTS = YES;
				CLANG_WARN_EMPTY_BODY = YES;
				CLANG_WARN_ENUM_CONVERSION = YES;
				CLANG_WARN_INFINITE_RECURSION = YES;
				CLANG_WARN_INT_CONVERSION = YES;
				CLANG_WARN_NON_LITERAL_NULL_CONVERSION = YES;
				CLANG_WARN_OBJC_IMPLICIT_RETAIN_SELF = YES;
				CLANG_WARN_OBJC_LITERAL_CONVERSION = YES;
				CLANG_WARN_OBJC_ROOT_CLASS = YES_ERROR;
				CLANG_WARN_QUOTED_INCLUDE_IN_FRAMEWORK_HEADER = YES;
				CLANG_WARN_RANGE_LOOP_ANALYSIS = YES;
				CLANG_WARN_STRICT_PROTOTYPES = YES;
				CLANG_WARN_SUSPICIOUS_MOVE = YES;
				CLANG_WARN_UNGUARDED_AVAILABILITY = YES_AGGRESSIVE;
				CLANG_WARN_UNREACHABLE_CODE = YES;
				CLANG_WARN__DUPLICATE_METHOD_MATCH = YES;
				COPY_PHASE_STRIP = NO;
				DEBUG_INFORMATION_FORMAT = dwarf;
				ENABLE_STRICT_OBJC_MSGSEND = YES;
				ENABLE_TESTABILITY = YES;
				GCC_C_LANGUAGE_STANDARD = gnu11;
				GCC_DYNAMIC_NO_PIC = NO;
				GCC_NO_COMMON_BLOCKS = YES;
				GCC_OPTIMIZATION_LEVEL = 0;
				GCC_PREPROCESSOR_DEFINITIONS = (
					"DEBUG=1",
					"$(inherited)",
				);
				GCC_WARN_64_TO_32_BIT_CONVERSION = YES;
				GCC_WARN_ABOUT_RETURN_TYPE = YES_ERROR;
				GCC_WARN_UNDECLARED_SELECTOR = YES;
				GCC_WARN_UNINITIALIZED_AUTOS = YES_AGGRESSIVE;
				GCC_WARN_UNUSED_FUNCTION = YES;
				GCC_WARN_UNUSED_VARIABLE = YES;
				IPHONEOS_DEPLOYMENT_TARGET = 15.5;
				MTL_ENABLE_DEBUG_INFO = INCLUDE_SOURCE;
				MTL_FAST_MATH = YES;
				ONLY_ACTIVE_ARCH = YES;
				SDKROOT = iphoneos;
				SWIFT_ACTIVE_COMPILATION_CONDITIONS = DEBUG;
				SWIFT_OPTIMIZATION_LEVEL = "-Onone";
			};
			name = Debug;
		};
		9F424F9B28A2DFB4008F2A0D /* Release */ = {
			isa = XCBuildConfiguration;
			buildSettings = {
				ALWAYS_SEARCH_USER_PATHS = NO;
				CLANG_ANALYZER_NONNULL = YES;
				CLANG_ANALYZER_NUMBER_OBJECT_CONVERSION = YES_AGGRESSIVE;
				CLANG_CXX_LANGUAGE_STANDARD = "gnu++17";
				CLANG_ENABLE_MODULES = YES;
				CLANG_ENABLE_OBJC_ARC = YES;
				CLANG_ENABLE_OBJC_WEAK = YES;
				CLANG_WARN_BLOCK_CAPTURE_AUTORELEASING = YES;
				CLANG_WARN_BOOL_CONVERSION = YES;
				CLANG_WARN_COMMA = YES;
				CLANG_WARN_CONSTANT_CONVERSION = YES;
				CLANG_WARN_DEPRECATED_OBJC_IMPLEMENTATIONS = YES;
				CLANG_WARN_DIRECT_OBJC_ISA_USAGE = YES_ERROR;
				CLANG_WARN_DOCUMENTATION_COMMENTS = YES;
				CLANG_WARN_EMPTY_BODY = YES;
				CLANG_WARN_ENUM_CONVERSION = YES;
				CLANG_WARN_INFINITE_RECURSION = YES;
				CLANG_WARN_INT_CONVERSION = YES;
				CLANG_WARN_NON_LITERAL_NULL_CONVERSION = YES;
				CLANG_WARN_OBJC_IMPLICIT_RETAIN_SELF = YES;
				CLANG_WARN_OBJC_LITERAL_CONVERSION = YES;
				CLANG_WARN_OBJC_ROOT_CLASS = YES_ERROR;
				CLANG_WARN_QUOTED_INCLUDE_IN_FRAMEWORK_HEADER = YES;
				CLANG_WARN_RANGE_LOOP_ANALYSIS = YES;
				CLANG_WARN_STRICT_PROTOTYPES = YES;
				CLANG_WARN_SUSPICIOUS_MOVE = YES;
				CLANG_WARN_UNGUARDED_AVAILABILITY = YES_AGGRESSIVE;
				CLANG_WARN_UNREACHABLE_CODE = YES;
				CLANG_WARN__DUPLICATE_METHOD_MATCH = YES;
				COPY_PHASE_STRIP = NO;
				DEBUG_INFORMATION_FORMAT = "dwarf-with-dsym";
				ENABLE_NS_ASSERTIONS = NO;
				ENABLE_STRICT_OBJC_MSGSEND = YES;
				GCC_C_LANGUAGE_STANDARD = gnu11;
				GCC_NO_COMMON_BLOCKS = YES;
				GCC_WARN_64_TO_32_BIT_CONVERSION = YES;
				GCC_WARN_ABOUT_RETURN_TYPE = YES_ERROR;
				GCC_WARN_UNDECLARED_SELECTOR = YES;
				GCC_WARN_UNINITIALIZED_AUTOS = YES_AGGRESSIVE;
				GCC_WARN_UNUSED_FUNCTION = YES;
				GCC_WARN_UNUSED_VARIABLE = YES;
				IPHONEOS_DEPLOYMENT_TARGET = 15.5;
				MTL_ENABLE_DEBUG_INFO = NO;
				MTL_FAST_MATH = YES;
				SDKROOT = iphoneos;
				SWIFT_COMPILATION_MODE = wholemodule;
				SWIFT_OPTIMIZATION_LEVEL = "-O";
				VALIDATE_PRODUCT = YES;
			};
			name = Release;
		};
		9F424F9D28A2DFB4008F2A0D /* Debug */ = {
			isa = XCBuildConfiguration;
			baseConfigurationReference = 67387A0DEA64AD19433A18A5 /* Pods-ProCal.debug.xcconfig */;
			buildSettings = {
				ASSETCATALOG_COMPILER_APPICON_NAME = AppIcon;
				ASSETCATALOG_COMPILER_GLOBAL_ACCENT_COLOR_NAME = AccentColor;
				CODE_SIGN_STYLE = Automatic;
				CURRENT_PROJECT_VERSION = 1;
				DEVELOPMENT_ASSET_PATHS = "\"ProCal/Preview Content\"";
				DEVELOPMENT_TEAM = U69TQJM4M7;
				ENABLE_PREVIEWS = YES;
				GENERATE_INFOPLIST_FILE = YES;
				INFOPLIST_FILE = ProCal/Info.plist;
				INFOPLIST_KEY_UIApplicationSceneManifest_Generation = YES;
				INFOPLIST_KEY_UIApplicationSupportsIndirectInputEvents = YES;
				INFOPLIST_KEY_UILaunchScreen_Generation = YES;
				INFOPLIST_KEY_UIStatusBarStyle = UIStatusBarStyleLightContent;
				INFOPLIST_KEY_UISupportedInterfaceOrientations_iPad = "UIInterfaceOrientationPortrait UIInterfaceOrientationPortraitUpsideDown UIInterfaceOrientationLandscapeLeft UIInterfaceOrientationLandscapeRight";
				INFOPLIST_KEY_UISupportedInterfaceOrientations_iPhone = "UIInterfaceOrientationPortrait UIInterfaceOrientationLandscapeLeft UIInterfaceOrientationLandscapeRight";
				INFOPLIST_KEY_UIUserInterfaceStyle = Light;
				IPHONEOS_DEPLOYMENT_TARGET = 16.0;
				LD_RUNPATH_SEARCH_PATHS = (
					"$(inherited)",
					"@executable_path/Frameworks",
				);
				MARKETING_VERSION = 1.0;
				PRODUCT_BUNDLE_IDENTIFIER = com.roaa.ProCal;
				PRODUCT_NAME = "$(TARGET_NAME)";
				SDKROOT = iphoneos;
				SWIFT_EMIT_LOC_STRINGS = YES;
				SWIFT_VERSION = 5.0;
				TARGETED_DEVICE_FAMILY = "1,2";
			};
			name = Debug;
		};
		9F424F9E28A2DFB4008F2A0D /* Release */ = {
			isa = XCBuildConfiguration;
			baseConfigurationReference = A10EA4F474FA3DF0142FD85C /* Pods-ProCal.release.xcconfig */;
			buildSettings = {
				ASSETCATALOG_COMPILER_APPICON_NAME = AppIcon;
				ASSETCATALOG_COMPILER_GLOBAL_ACCENT_COLOR_NAME = AccentColor;
				CODE_SIGN_STYLE = Automatic;
				CURRENT_PROJECT_VERSION = 1;
				DEVELOPMENT_ASSET_PATHS = "\"ProCal/Preview Content\"";
				DEVELOPMENT_TEAM = U69TQJM4M7;
				ENABLE_PREVIEWS = YES;
				GENERATE_INFOPLIST_FILE = YES;
				INFOPLIST_FILE = ProCal/Info.plist;
				INFOPLIST_KEY_UIApplicationSceneManifest_Generation = YES;
				INFOPLIST_KEY_UIApplicationSupportsIndirectInputEvents = YES;
				INFOPLIST_KEY_UILaunchScreen_Generation = YES;
				INFOPLIST_KEY_UIStatusBarStyle = UIStatusBarStyleLightContent;
				INFOPLIST_KEY_UISupportedInterfaceOrientations_iPad = "UIInterfaceOrientationPortrait UIInterfaceOrientationPortraitUpsideDown UIInterfaceOrientationLandscapeLeft UIInterfaceOrientationLandscapeRight";
				INFOPLIST_KEY_UISupportedInterfaceOrientations_iPhone = "UIInterfaceOrientationPortrait UIInterfaceOrientationLandscapeLeft UIInterfaceOrientationLandscapeRight";
				INFOPLIST_KEY_UIUserInterfaceStyle = Light;
				IPHONEOS_DEPLOYMENT_TARGET = 16.0;
				LD_RUNPATH_SEARCH_PATHS = (
					"$(inherited)",
					"@executable_path/Frameworks",
				);
				MARKETING_VERSION = 1.0;
				PRODUCT_BUNDLE_IDENTIFIER = com.roaa.ProCal;
				PRODUCT_NAME = "$(TARGET_NAME)";
				SDKROOT = iphoneos;
				SWIFT_EMIT_LOC_STRINGS = YES;
				SWIFT_VERSION = 5.0;
				TARGETED_DEVICE_FAMILY = "1,2";
			};
			name = Release;
		};
/* End XCBuildConfiguration section */

/* Begin XCConfigurationList section */
		9F424F8928A2DFB2008F2A0D /* Build configuration list for PBXProject "ProCal" */ = {
			isa = XCConfigurationList;
			buildConfigurations = (
				9F424F9A28A2DFB4008F2A0D /* Debug */,
				9F424F9B28A2DFB4008F2A0D /* Release */,
			);
			defaultConfigurationIsVisible = 0;
			defaultConfigurationName = Release;
		};
		9F424F9C28A2DFB4008F2A0D /* Build configuration list for PBXNativeTarget "ProCal" */ = {
			isa = XCConfigurationList;
			buildConfigurations = (
				9F424F9D28A2DFB4008F2A0D /* Debug */,
				9F424F9E28A2DFB4008F2A0D /* Release */,
			);
			defaultConfigurationIsVisible = 0;
			defaultConfigurationName = Release;
		};
/* End XCConfigurationList section */

/* Begin XCRemoteSwiftPackageReference section */
		D0E8E66C2BD5C57A00156236 /* XCRemoteSwiftPackageReference "supabase-swift" */ = {
			isa = XCRemoteSwiftPackageReference;
			repositoryURL = "https://github.com/supabase-community/supabase-swift.git";
			requirement = {
				kind = upToNextMajorVersion;
				minimumVersion = 2.5.1;
			};
		};
/* End XCRemoteSwiftPackageReference section */

/* Begin XCSwiftPackageProductDependency section */
		D0E8E66D2BD5C57A00156236 /* Auth */ = {
			isa = XCSwiftPackageProductDependency;
			package = D0E8E66C2BD5C57A00156236 /* XCRemoteSwiftPackageReference "supabase-swift" */;
			productName = Auth;
		};
		D0E8E66F2BD5C57A00156236 /* Functions */ = {
			isa = XCSwiftPackageProductDependency;
			package = D0E8E66C2BD5C57A00156236 /* XCRemoteSwiftPackageReference "supabase-swift" */;
			productName = Functions;
		};
		D0E8E6712BD5C57A00156236 /* PostgREST */ = {
			isa = XCSwiftPackageProductDependency;
			package = D0E8E66C2BD5C57A00156236 /* XCRemoteSwiftPackageReference "supabase-swift" */;
			productName = PostgREST;
		};
		D0E8E6732BD5C57A00156236 /* Realtime */ = {
			isa = XCSwiftPackageProductDependency;
			package = D0E8E66C2BD5C57A00156236 /* XCRemoteSwiftPackageReference "supabase-swift" */;
			productName = Realtime;
		};
		D0E8E6752BD5C57A00156236 /* Storage */ = {
			isa = XCSwiftPackageProductDependency;
			package = D0E8E66C2BD5C57A00156236 /* XCRemoteSwiftPackageReference "supabase-swift" */;
			productName = Storage;
		};
		D0E8E6772BD5C5AB00156236 /* Supabase */ = {
			isa = XCSwiftPackageProductDependency;
			package = D0E8E66C2BD5C57A00156236 /* XCRemoteSwiftPackageReference "supabase-swift" */;
			productName = Supabase;
		};
/* End XCSwiftPackageProductDependency section */
	};
	rootObject = 9F424F8628A2DFB2008F2A0D /* Project object */;
}
